<?xml version="1.0" encoding="utf-8"?>
<Project ToolsVersion="4.0" xmlns="http://schemas.microsoft.com/developer/msbuild/2003">
  <ItemGroup>
    <Filter Include="CustomEngine">
      <UniqueIdentifier>{B660E194-A2C3-7039-4B49-A9EF378B3CBC}</UniqueIdentifier>
    </Filter>
    <Filter Include="CustomEngine\Events">
      <UniqueIdentifier>{DA63D89F-46C5-B5AD-CF32-FC5F3B93EC6C}</UniqueIdentifier>
    </Filter>
    <Filter Include="Platform">
      <UniqueIdentifier>{2AC788B4-1694-E3BF-3FAD-D1672BD9184E}</UniqueIdentifier>
    </Filter>
    <Filter Include="Platform\Windows">
      <UniqueIdentifier>{64FBD71A-50F4-F66C-7926-DCF1657ED678}</UniqueIdentifier>
    </Filter>
  </ItemGroup>
  <ItemGroup>
    <ClInclude Include="src\CustomEngine.h" />
    <ClInclude Include="src\CustomEngine\Application.h">
      <Filter>CustomEngine</Filter>
    </ClInclude>
    <ClInclude Include="src\CustomEngine\Core.h">
      <Filter>CustomEngine</Filter>
    </ClInclude>
    <ClInclude Include="src\CustomEngine\EntryPoint.h">
      <Filter>CustomEngine</Filter>
    </ClInclude>
    <ClInclude Include="src\CustomEngine\Events\ApplicationEvent.h">
      <Filter>CustomEngine\Events</Filter>
    </ClInclude>
    <ClInclude Include="src\CustomEngine\Events\Event.h">
      <Filter>CustomEngine\Events</Filter>
    </ClInclude>
    <ClInclude Include="src\CustomEngine\Events\KeyEvent.h">
      <Filter>CustomEngine\Events</Filter>
    </ClInclude>
    <ClInclude Include="src\CustomEngine\Events\MouseEvent.h">
      <Filter>CustomEngine\Events</Filter>
    </ClInclude>
    <ClInclude Include="src\CustomEngine\Log.h">
      <Filter>CustomEngine</Filter>
    </ClInclude>
    <ClInclude Include="src\CustomEngine\Window.h">
      <Filter>CustomEngine</Filter>
    </ClInclude>
    <ClInclude Include="src\Platform\Windows\WindowsWindow.h">
      <Filter>Platform\Windows</Filter>
    </ClInclude>
    <ClInclude Include="src\cepch.h" />
  </ItemGroup>
  <ItemGroup>
    <ClCompile Include="src\CustomEngine\Application.cpp">
      <Filter>CustomEngine</Filter>
    </ClCompile>
    <ClCompile Include="src\CustomEngine\Log.cpp">
      <Filter>CustomEngine</Filter>
    </ClCompile>
    <ClCompile Include="src\Platform\Windows\WindowsWindow.cpp">
      <Filter>Platform\Windows</Filter>
    </ClCompile>
    <ClCompile Include="src\cepch.cpp" />
  </ItemGroup>
</Project>